
Microsoft Visual Studio Solution File, Format Version 12.00
# Visual Studio Version 17
VisualStudioVersion = 17.4.33213.308
MinimumVisualStudioVersion = 10.0.40219.1
Project("{2150E333-8FDC-42A3-9474-1A3956D46DE8}") = "src", "src", "{7E9C8462-9895-41D6-849F-1F878961352A}"
EndProject
Project("{2150E333-8FDC-42A3-9474-1A3956D46DE8}") = "tests", "tests", "{830DF4D7-802D-4D5D-BBA4-77436E06073C}"
EndProject
Project("{2150E333-8FDC-42A3-9474-1A3956D46DE8}") = "Api", "Api", "{3839122C-A172-4656-9EFD-C49778102A39}"
EndProject
Project("{2150E333-8FDC-42A3-9474-1A3956D46DE8}") = "Core", "Core", "{60515FE9-966C-4C6C-B23E-D935D65774F6}"
EndProject
Project("{2150E333-8FDC-42A3-9474-1A3956D46DE8}") = "Infrastructure", "Infrastructure", "{3596456C-F612-4397-85E3-156FE4C24632}"
EndProject
Project("{2150E333-8FDC-42A3-9474-1A3956D46DE8}") = "Ui", "Ui", "{D3D0DBB0-52CB-4331-A7EB-F88B2D77538D}"
EndProject
Global
	GlobalSection(SolutionProperties) = preSolution
		HideSolutionNode = FALSE
	EndGlobalSection
	GlobalSection(NestedProjects) = preSolution
		{3839122C-A172-4656-9EFD-C49778102A39} = {7E9C8462-9895-41D6-849F-1F878961352A}
		{60515FE9-966C-4C6C-B23E-D935D65774F6} = {7E9C8462-9895-41D6-849F-1F878961352A}
		{3596456C-F612-4397-85E3-156FE4C24632} = {7E9C8462-9895-41D6-849F-1F878961352A}
		{D3D0DBB0-52CB-4331-A7EB-F88B2D77538D} = {7E9C8462-9895-41D6-849F-1F878961352A}
	EndGlobalSection
	GlobalSection(ExtensibilityGlobals) = postSolution
		SolutionGuid = {EDB50AA1-17F2-4129-A305-DB3F5383655A}
	EndGlobalSection
EndGlobal
