
Microsoft Visual Studio Solution File, Format Version 12.00
# Visual Studio Version 17
VisualStudioVersion = 17.4.33213.308
MinimumVisualStudioVersion = 10.0.40219.1
Project("{2150E333-8FDC-42A3-9474-1A3956D46DE8}") = "src", "src", "{7E9C8462-9895-41D6-849F-1F878961352A}"
EndProject
Project("{2150E333-8FDC-42A3-9474-1A3956D46DE8}") = "tests", "tests", "{830DF4D7-802D-4D5D-BBA4-77436E06073C}"
EndProject
Project("{2150E333-8FDC-42A3-9474-1A3956D46DE8}") = "Api", "Api", "{3839122C-A172-4656-9EFD-C49778102A39}"
EndProject
Project("{2150E333-8FDC-42A3-9474-1A3956D46DE8}") = "Core", "Core", "{60515FE9-966C-4C6C-B23E-D935D65774F6}"
EndProject
Project("{2150E333-8FDC-42A3-9474-1A3956D46DE8}") = "Infrastructure", "Infrastructure", "{3596456C-F612-4397-85E3-156FE4C24632}"
EndProject
Project("{2150E333-8FDC-42A3-9474-1A3956D46DE8}") = "Ui", "Ui", "{D3D0DBB0-52CB-4331-A7EB-F88B2D77538D}"
EndProject
Project("{9A19103F-16F7-4668-BE54-9A1E7A4F7556}") = "Leave.Domain", "Leave.Domain\Leave.Domain.csproj", "{E5DE8EA9-A7DD-42A4-B8EF-C29F39BCC3C0}"
EndProject
Project("{9A19103F-16F7-4668-BE54-9A1E7A4F7556}") = "Leave.Application", "Leave.Application\Leave.Application.csproj", "{92320062-6889-4BC6-AEA6-1E3AA9CD9EC6}"
EndProject
Project("{9A19103F-16F7-4668-BE54-9A1E7A4F7556}") = "Leave.Infrastructure", "Leave.Infrastructure\Leave.Infrastructure.csproj", "{F6ADDDA1-854B-4141-AB34-47CF033492EF}"
EndProject
Project("{9A19103F-16F7-4668-BE54-9A1E7A4F7556}") = "Leave.Persistence", "Leave.Persistence\Leave.Persistence.csproj", "{15EBB24D-1685-43AE-84D8-7336ED7B41BD}"
EndProject
Project("{9A19103F-16F7-4668-BE54-9A1E7A4F7556}") = "Leave.Api", "Leave.Api\Leave.Api.csproj", "{1D038D12-A54C-499A-907B-38571A7DBC1B}"
EndProject
Project("{FAE04EC0-301F-11D3-BF4B-00C04F79EFBC}") = "Leave.Application.UnitTests", "Leave.Application.UnitTests\Leave.Application.UnitTests.csproj", "{87FDC16C-C6B8-465A-9C24-186AD3246446}"
EndProject
Global
	GlobalSection(SolutionConfigurationPlatforms) = preSolution
		Debug|Any CPU = Debug|Any CPU
		Release|Any CPU = Release|Any CPU
	EndGlobalSection
	GlobalSection(ProjectConfigurationPlatforms) = postSolution
		{E5DE8EA9-A7DD-42A4-B8EF-C29F39BCC3C0}.Debug|Any CPU.ActiveCfg = Debug|Any CPU
		{E5DE8EA9-A7DD-42A4-B8EF-C29F39BCC3C0}.Debug|Any CPU.Build.0 = Debug|Any CPU
		{E5DE8EA9-A7DD-42A4-B8EF-C29F39BCC3C0}.Release|Any CPU.ActiveCfg = Release|Any CPU
		{E5DE8EA9-A7DD-42A4-B8EF-C29F39BCC3C0}.Release|Any CPU.Build.0 = Release|Any CPU
		{92320062-6889-4BC6-AEA6-1E3AA9CD9EC6}.Debug|Any CPU.ActiveCfg = Debug|Any CPU
		{92320062-6889-4BC6-AEA6-1E3AA9CD9EC6}.Debug|Any CPU.Build.0 = Debug|Any CPU
		{92320062-6889-4BC6-AEA6-1E3AA9CD9EC6}.Release|Any CPU.ActiveCfg = Release|Any CPU
		{92320062-6889-4BC6-AEA6-1E3AA9CD9EC6}.Release|Any CPU.Build.0 = Release|Any CPU
		{F6ADDDA1-854B-4141-AB34-47CF033492EF}.Debug|Any CPU.ActiveCfg = Debug|Any CPU
		{F6ADDDA1-854B-4141-AB34-47CF033492EF}.Debug|Any CPU.Build.0 = Debug|Any CPU
		{F6ADDDA1-854B-4141-AB34-47CF033492EF}.Release|Any CPU.ActiveCfg = Release|Any CPU
		{F6ADDDA1-854B-4141-AB34-47CF033492EF}.Release|Any CPU.Build.0 = Release|Any CPU
		{15EBB24D-1685-43AE-84D8-7336ED7B41BD}.Debug|Any CPU.ActiveCfg = Debug|Any CPU
		{15EBB24D-1685-43AE-84D8-7336ED7B41BD}.Debug|Any CPU.Build.0 = Debug|Any CPU
		{15EBB24D-1685-43AE-84D8-7336ED7B41BD}.Release|Any CPU.ActiveCfg = Release|Any CPU
		{15EBB24D-1685-43AE-84D8-7336ED7B41BD}.Release|Any CPU.Build.0 = Release|Any CPU
		{1D038D12-A54C-499A-907B-38571A7DBC1B}.Debug|Any CPU.ActiveCfg = Debug|Any CPU
		{1D038D12-A54C-499A-907B-38571A7DBC1B}.Debug|Any CPU.Build.0 = Debug|Any CPU
		{1D038D12-A54C-499A-907B-38571A7DBC1B}.Release|Any CPU.ActiveCfg = Release|Any CPU
		{1D038D12-A54C-499A-907B-38571A7DBC1B}.Release|Any CPU.Build.0 = Release|Any CPU
		{87FDC16C-C6B8-465A-9C24-186AD3246446}.Debug|Any CPU.ActiveCfg = Debug|Any CPU
		{87FDC16C-C6B8-465A-9C24-186AD3246446}.Debug|Any CPU.Build.0 = Debug|Any CPU
		{87FDC16C-C6B8-465A-9C24-186AD3246446}.Release|Any CPU.ActiveCfg = Release|Any CPU
		{87FDC16C-C6B8-465A-9C24-186AD3246446}.Release|Any CPU.Build.0 = Release|Any CPU
	EndGlobalSection
	GlobalSection(SolutionProperties) = preSolution
		HideSolutionNode = FALSE
	EndGlobalSection
	GlobalSection(NestedProjects) = preSolution
		{3839122C-A172-4656-9EFD-C49778102A39} = {7E9C8462-9895-41D6-849F-1F878961352A}
		{60515FE9-966C-4C6C-B23E-D935D65774F6} = {7E9C8462-9895-41D6-849F-1F878961352A}
		{3596456C-F612-4397-85E3-156FE4C24632} = {7E9C8462-9895-41D6-849F-1F878961352A}
		{D3D0DBB0-52CB-4331-A7EB-F88B2D77538D} = {7E9C8462-9895-41D6-849F-1F878961352A}
		{E5DE8EA9-A7DD-42A4-B8EF-C29F39BCC3C0} = {60515FE9-966C-4C6C-B23E-D935D65774F6}
		{92320062-6889-4BC6-AEA6-1E3AA9CD9EC6} = {60515FE9-966C-4C6C-B23E-D935D65774F6}
		{F6ADDDA1-854B-4141-AB34-47CF033492EF} = {3596456C-F612-4397-85E3-156FE4C24632}
		{15EBB24D-1685-43AE-84D8-7336ED7B41BD} = {3596456C-F612-4397-85E3-156FE4C24632}
		{1D038D12-A54C-499A-907B-38571A7DBC1B} = {3839122C-A172-4656-9EFD-C49778102A39}
		{87FDC16C-C6B8-465A-9C24-186AD3246446} = {830DF4D7-802D-4D5D-BBA4-77436E06073C}
	EndGlobalSection
	GlobalSection(ExtensibilityGlobals) = postSolution
		SolutionGuid = {EDB50AA1-17F2-4129-A305-DB3F5383655A}
	EndGlobalSection
EndGlobal
