
Microsoft Visual Studio Solution File, Format Version 12.00
# Visual Studio Version 17
VisualStudioVersion = 17.4.33122.133
MinimumVisualStudioVersion = 10.0.40219.1
Project("{2150E333-8FDC-42A3-9474-1A3956D46DE8}") = "Application", "Application", "{F4F81E36-A38E-4CB3-B95F-A397D5C339F8}"
EndProject
Project("{2150E333-8FDC-42A3-9474-1A3956D46DE8}") = "Domain", "Domain", "{AD0FAE3C-6307-497D-AEF5-25E489D9ABB2}"
EndProject
Project("{2150E333-8FDC-42A3-9474-1A3956D46DE8}") = "Infrastructure", "Infrastructure", "{315D3352-5FEC-4695-B956-CC3829B30664}"
EndProject
Project("{2150E333-8FDC-42A3-9474-1A3956D46DE8}") = "Presentation", "Presentation", "{BCDD8B3A-2B18-49C5-8CDA-576ADA67FA0F}"
EndProject
Project("{2150E333-8FDC-42A3-9474-1A3956D46DE8}") = "Tests", "Tests", "{88CED52E-4EA9-44B1-A2D5-34B92472EB8C}"
EndProject
Project("{9A19103F-16F7-4668-BE54-9A1E7A4F7556}") = "Bank.Mvc", "bank.mvc\Bank.Mvc.csproj", "{9EA03D9F-0DFB-475F-B99D-3C94D3933049}"
EndProject
Project("{9A19103F-16F7-4668-BE54-9A1E7A4F7556}") = "Bank.Domain", "Bank.Domain\Bank.Domain.csproj", "{4E6FC1B6-E82C-4660-8C06-E063E94B62FC}"
EndProject
Project("{9A19103F-16F7-4668-BE54-9A1E7A4F7556}") = "Bank.Data", "Bank.Data\Bank.Data.csproj", "{0C0D30AF-8AEF-4BE4-A9D6-65C9554DDC09}"
EndProject
Project("{9A19103F-16F7-4668-BE54-9A1E7A4F7556}") = "Bank.Application", "Bank.Application\Bank.Application.csproj", "{C4BCA662-835F-40C0-9D78-BC9A35A70CA5}"
EndProject
Project("{FAE04EC0-301F-11D3-BF4B-00C04F79EFBC}") = "Bank.IoC", "Bank.IoC\Bank.IoC.csproj", "{52831CD5-050D-48A9-B5F6-B58C4257B08D}"
EndProject
Global
	GlobalSection(SolutionConfigurationPlatforms) = preSolution
		Debug|Any CPU = Debug|Any CPU
		Release|Any CPU = Release|Any CPU
	EndGlobalSection
	GlobalSection(ProjectConfigurationPlatforms) = postSolution
		{9EA03D9F-0DFB-475F-B99D-3C94D3933049}.Debug|Any CPU.ActiveCfg = Debug|Any CPU
		{9EA03D9F-0DFB-475F-B99D-3C94D3933049}.Debug|Any CPU.Build.0 = Debug|Any CPU
		{9EA03D9F-0DFB-475F-B99D-3C94D3933049}.Release|Any CPU.ActiveCfg = Release|Any CPU
		{9EA03D9F-0DFB-475F-B99D-3C94D3933049}.Release|Any CPU.Build.0 = Release|Any CPU
		{4E6FC1B6-E82C-4660-8C06-E063E94B62FC}.Debug|Any CPU.ActiveCfg = Debug|Any CPU
		{4E6FC1B6-E82C-4660-8C06-E063E94B62FC}.Debug|Any CPU.Build.0 = Debug|Any CPU
		{4E6FC1B6-E82C-4660-8C06-E063E94B62FC}.Release|Any CPU.ActiveCfg = Release|Any CPU
		{4E6FC1B6-E82C-4660-8C06-E063E94B62FC}.Release|Any CPU.Build.0 = Release|Any CPU
		{0C0D30AF-8AEF-4BE4-A9D6-65C9554DDC09}.Debug|Any CPU.ActiveCfg = Debug|Any CPU
		{0C0D30AF-8AEF-4BE4-A9D6-65C9554DDC09}.Debug|Any CPU.Build.0 = Debug|Any CPU
		{0C0D30AF-8AEF-4BE4-A9D6-65C9554DDC09}.Release|Any CPU.ActiveCfg = Release|Any CPU
		{0C0D30AF-8AEF-4BE4-A9D6-65C9554DDC09}.Release|Any CPU.Build.0 = Release|Any CPU
		{C4BCA662-835F-40C0-9D78-BC9A35A70CA5}.Debug|Any CPU.ActiveCfg = Debug|Any CPU
		{C4BCA662-835F-40C0-9D78-BC9A35A70CA5}.Debug|Any CPU.Build.0 = Debug|Any CPU
		{C4BCA662-835F-40C0-9D78-BC9A35A70CA5}.Release|Any CPU.ActiveCfg = Release|Any CPU
		{C4BCA662-835F-40C0-9D78-BC9A35A70CA5}.Release|Any CPU.Build.0 = Release|Any CPU
		{52831CD5-050D-48A9-B5F6-B58C4257B08D}.Debug|Any CPU.ActiveCfg = Debug|Any CPU
		{52831CD5-050D-48A9-B5F6-B58C4257B08D}.Debug|Any CPU.Build.0 = Debug|Any CPU
		{52831CD5-050D-48A9-B5F6-B58C4257B08D}.Release|Any CPU.ActiveCfg = Release|Any CPU
		{52831CD5-050D-48A9-B5F6-B58C4257B08D}.Release|Any CPU.Build.0 = Release|Any CPU
		{2F854ECC-7423-4E44-8E8D-2A5597DA7642}.Debug|Any CPU.ActiveCfg = Debug|Any CPU
		{2F854ECC-7423-4E44-8E8D-2A5597DA7642}.Debug|Any CPU.Build.0 = Debug|Any CPU
		{2F854ECC-7423-4E44-8E8D-2A5597DA7642}.Release|Any CPU.ActiveCfg = Release|Any CPU
		{2F854ECC-7423-4E44-8E8D-2A5597DA7642}.Release|Any CPU.Build.0 = Release|Any CPU
		{189CF655-DA25-4177-BBE8-0757C42FB18D}.Debug|Any CPU.ActiveCfg = Debug|Any CPU
		{189CF655-DA25-4177-BBE8-0757C42FB18D}.Debug|Any CPU.Build.0 = Debug|Any CPU
		{189CF655-DA25-4177-BBE8-0757C42FB18D}.Release|Any CPU.ActiveCfg = Release|Any CPU
		{189CF655-DA25-4177-BBE8-0757C42FB18D}.Release|Any CPU.Build.0 = Release|Any CPU
		{FBA870C3-DD75-4AE9-A235-1426DED8544B}.Debug|Any CPU.ActiveCfg = Debug|Any CPU
		{FBA870C3-DD75-4AE9-A235-1426DED8544B}.Debug|Any CPU.Build.0 = Debug|Any CPU
		{FBA870C3-DD75-4AE9-A235-1426DED8544B}.Release|Any CPU.ActiveCfg = Release|Any CPU
		{FBA870C3-DD75-4AE9-A235-1426DED8544B}.Release|Any CPU.Build.0 = Release|Any CPU
	EndGlobalSection
	GlobalSection(SolutionProperties) = preSolution
		HideSolutionNode = FALSE
	EndGlobalSection
	GlobalSection(NestedProjects) = preSolution
		{9EA03D9F-0DFB-475F-B99D-3C94D3933049} = {BCDD8B3A-2B18-49C5-8CDA-576ADA67FA0F}
		{4E6FC1B6-E82C-4660-8C06-E063E94B62FC} = {AD0FAE3C-6307-497D-AEF5-25E489D9ABB2}
		{0C0D30AF-8AEF-4BE4-A9D6-65C9554DDC09} = {315D3352-5FEC-4695-B956-CC3829B30664}
		{C4BCA662-835F-40C0-9D78-BC9A35A70CA5} = {F4F81E36-A38E-4CB3-B95F-A397D5C339F8}
		{52831CD5-050D-48A9-B5F6-B58C4257B08D} = {315D3352-5FEC-4695-B956-CC3829B30664}
		{2F854ECC-7423-4E44-8E8D-2A5597DA7642} = {315D3352-5FEC-4695-B956-CC3829B30664}
		{189CF655-DA25-4177-BBE8-0757C42FB18D} = {AD0FAE3C-6307-497D-AEF5-25E489D9ABB2}
		{FBA870C3-DD75-4AE9-A235-1426DED8544B} = {5360AFA1-2D7C-4D8D-9D05-2491658EF111}
	EndGlobalSection
	GlobalSection(ExtensibilityGlobals) = postSolution
		SolutionGuid = {843A8D53-0437-48A2-9FA1-0904D39EDF7A}
	EndGlobalSection
EndGlobal
